// !$*UTF8*$!
{
	archiveVersion = 1;
	classes = {
	};
	objectVersion = 46;
	objects = {

/* Begin PBXBuildFile section */
		047FCBCC23D044B800259DF2 /* temple.swift in Sources */ = {isa = PBXBuildFile; fileRef = 047FCBCB23D044B800259DF2 /* temple.swift */; };
		047FCBE123D050E600259DF2 /* Util.swift in Sources */ = {isa = PBXBuildFile; fileRef = 047FCBE023D050E600259DF2 /* Util.swift */; };
		42079A7B1EC2330100477ADE /* main.swift in Sources */ = {isa = PBXBuildFile; fileRef = 42079A7A1EC2330100477ADE /* main.swift */; };
		42079A821EC2AA5000477ADE /* Maker.swift in Sources */ = {isa = PBXBuildFile; fileRef = 42079A811EC2AA5000477ADE /* Maker.swift */; };
/* End PBXBuildFile section */

/* Begin PBXFileReference section */
		047FCBCB23D044B800259DF2 /* temple.swift */ = {isa = PBXFileReference; lastKnownFileType = sourcecode.swift; path = temple.swift; sourceTree = "<group>"; };
		047FCBE023D050E600259DF2 /* Util.swift */ = {isa = PBXFileReference; lastKnownFileType = sourcecode.swift; path = Util.swift; sourceTree = "<group>"; };
		42079A771EC2330100477ADE /* Maker */ = {isa = PBXFileReference; explicitFileType = "compiled.mach-o.executable"; includeInIndex = 0; path = Maker; sourceTree = BUILT_PRODUCTS_DIR; };
		42079A7A1EC2330100477ADE /* main.swift */ = {isa = PBXFileReference; lastKnownFileType = sourcecode.swift; path = main.swift; sourceTree = "<group>"; };
		42079A811EC2AA5000477ADE /* Maker.swift */ = {isa = PBXFileReference; fileEncoding = 4; lastKnownFileType = sourcecode.swift; path = Maker.swift; sourceTree = "<group>"; };
/* End PBXFileReference section */

/* Begin PBXFrameworksBuildPhase section */
		42079A741EC2330100477ADE /* Frameworks */ = {
			isa = PBXFrameworksBuildPhase;
			buildActionMask = 2147483647;
			files = (
			);
			runOnlyForDeploymentPostprocessing = 0;
		};
/* End PBXFrameworksBuildPhase section */

/* Begin PBXGroup section */
		047FCBCF23D04AEA00259DF2 /* Frameworks */ = {
			isa = PBXGroup;
			children = (
			);
			name = Frameworks;
			sourceTree = "<group>";
		};
		42079A6E1EC2330100477ADE = {
			isa = PBXGroup;
			children = (
				42079A791EC2330100477ADE /* Maker */,
				42079A781EC2330100477ADE /* Products */,
				047FCBCF23D04AEA00259DF2 /* Frameworks */,
			);
			sourceTree = "<group>";
		};
		42079A781EC2330100477ADE /* Products */ = {
			isa = PBXGroup;
			children = (
				42079A771EC2330100477ADE /* Maker */,
			);
			name = Products;
			sourceTree = "<group>";
		};
		42079A791EC2330100477ADE /* Maker */ = {
			isa = PBXGroup;
			children = (
				42079A7A1EC2330100477ADE /* main.swift */,
				42079A811EC2AA5000477ADE /* Maker.swift */,
				047FCBCB23D044B800259DF2 /* temple.swift */,
				047FCBE023D050E600259DF2 /* Util.swift */,
			);
			path = Maker;
			sourceTree = "<group>";
		};
/* End PBXGroup section */

/* Begin PBXNativeTarget section */
		42079A761EC2330100477ADE /* Maker */ = {
			isa = PBXNativeTarget;
			buildConfigurationList = 42079A7E1EC2330100477ADE /* Build configuration list for PBXNativeTarget "Maker" */;
			buildPhases = (
				42079A731EC2330100477ADE /* Sources */,
				42079A741EC2330100477ADE /* Frameworks */,
				047FCBC923D0424800259DF2 /* swiftformat */,
				047FCBCA23D0427200259DF2 /* swiftLint */,
			);
			buildRules = (
			);
			dependencies = (
			);
			name = Maker;
			productName = Maker;
			productReference = 42079A771EC2330100477ADE /* Maker */;
			productType = "com.apple.product-type.tool";
		};
/* End PBXNativeTarget section */

/* Begin PBXProject section */
		42079A6F1EC2330100477ADE /* Project object */ = {
			isa = PBXProject;
			attributes = {
				LastSwiftUpdateCheck = 0830;
				LastUpgradeCheck = 0830;
				ORGANIZATIONNAME = Souche;
				TargetAttributes = {
					42079A761EC2330100477ADE = {
						CreatedOnToolsVersion = 8.3.2;
						DevelopmentTeam = 678WD436L9;
						ProvisioningStyle = Automatic;
					};
				};
			};
			buildConfigurationList = 42079A721EC2330100477ADE /* Build configuration list for PBXProject "Maker" */;
			compatibilityVersion = "Xcode 3.2";
			developmentRegion = English;
			hasScannedForEncodings = 0;
			knownRegions = (
				English,
				en,
			);
			mainGroup = 42079A6E1EC2330100477ADE;
			productRefGroup = 42079A781EC2330100477ADE /* Products */;
			projectDirPath = "";
			projectRoot = "";
			targets = (
				42079A761EC2330100477ADE /* Maker */,
			);
		};
/* End PBXProject section */

/* Begin PBXShellScriptBuildPhase section */
		047FCBC923D0424800259DF2 /* swiftformat */ = {
			isa = PBXShellScriptBuildPhase;
			buildActionMask = 2147483647;
			files = (
			);
			inputFileListPaths = (
			);
			inputPaths = (
			);
			name = swiftformat;
			outputFileListPaths = (
			);
			outputPaths = (
			);
			runOnlyForDeploymentPostprocessing = 0;
			shellPath = /bin/sh;
			shellScript = "if which swiftformat >/dev/null; then\n  swiftformat .\nelse\n  echo \"warning: SwiftFormat not installed, download from https://github.com/nicklockwood/SwiftFormat\"\nfi\n";
		};
		047FCBCA23D0427200259DF2 /* swiftLint */ = {
			isa = PBXShellScriptBuildPhase;
			buildActionMask = 2147483647;
			files = (
			);
			inputFileListPaths = (
			);
			inputPaths = (
			);
			name = swiftLint;
			outputFileListPaths = (
			);
			outputPaths = (
			);
			runOnlyForDeploymentPostprocessing = 0;
			shellPath = /bin/sh;
			shellScript = "if which swiftlint >/dev/null; then\n  swiftlint\nelse\n  echo \"warning: SwiftLint not installed, download from https://github.com/realm/SwiftLint\"\nfi\n\n";
		};
/* End PBXShellScriptBuildPhase section */

/* Begin PBXSourcesBuildPhase section */
		42079A731EC2330100477ADE /* Sources */ = {
			isa = PBXSourcesBuildPhase;
			buildActionMask = 2147483647;
			files = (
				42079A821EC2AA5000477ADE /* Maker.swift in Sources */,
				047FCBCC23D044B800259DF2 /* temple.swift in Sources */,
				42079A7B1EC2330100477ADE /* main.swift in Sources */,
				047FCBE123D050E600259DF2 /* Util.swift in Sources */,
			);
			runOnlyForDeploymentPostprocessing = 0;
		};
/* End PBXSourcesBuildPhase section */

/* Begin XCBuildConfiguration section */
		42079A7C1EC2330100477ADE /* Debug */ = {
			isa = XCBuildConfiguration;
			buildSettings = {
				ALWAYS_SEARCH_USER_PATHS = NO;
				CLANG_ANALYZER_NONNULL = YES;
				CLANG_ANALYZER_NUMBER_OBJECT_CONVERSION = YES_AGGRESSIVE;
				CLANG_CXX_LANGUAGE_STANDARD = "gnu++0x";
				CLANG_CXX_LIBRARY = "libc++";
				CLANG_ENABLE_MODULES = YES;
				CLANG_ENABLE_OBJC_ARC = YES;
				CLANG_WARN_BOOL_CONVERSION = YES;
				CLANG_WARN_CONSTANT_CONVERSION = YES;
				CLANG_WARN_DIRECT_OBJC_ISA_USAGE = YES_ERROR;
				CLANG_WARN_DOCUMENTATION_COMMENTS = YES;
				CLANG_WARN_EMPTY_BODY = YES;
				CLANG_WARN_ENUM_CONVERSION = YES;
				CLANG_WARN_INFINITE_RECURSION = YES;
				CLANG_WARN_INT_CONVERSION = YES;
				CLANG_WARN_OBJC_ROOT_CLASS = YES_ERROR;
				CLANG_WARN_SUSPICIOUS_MOVE = YES;
				CLANG_WARN_UNREACHABLE_CODE = YES;
				CLANG_WARN__DUPLICATE_METHOD_MATCH = YES;
				CODE_SIGN_IDENTITY = "-";
				COPY_PHASE_STRIP = NO;
				DEBUG_INFORMATION_FORMAT = dwarf;
				ENABLE_STRICT_OBJC_MSGSEND = YES;
				ENABLE_TESTABILITY = YES;
				GCC_C_LANGUAGE_STANDARD = gnu99;
				GCC_DYNAMIC_NO_PIC = NO;
				GCC_NO_COMMON_BLOCKS = YES;
				GCC_OPTIMIZATION_LEVEL = 0;
				GCC_PREPROCESSOR_DEFINITIONS = (
					"DEBUG=1",
					"$(inherited)",
				);
				GCC_WARN_64_TO_32_BIT_CONVERSION = YES;
				GCC_WARN_ABOUT_RETURN_TYPE = YES_ERROR;
				GCC_WARN_UNDECLARED_SELECTOR = YES;
				GCC_WARN_UNINITIALIZED_AUTOS = YES_AGGRESSIVE;
				GCC_WARN_UNUSED_FUNCTION = YES;
				GCC_WARN_UNUSED_VARIABLE = YES;
				MACOSX_DEPLOYMENT_TARGET = 10.12;
				MTL_ENABLE_DEBUG_INFO = YES;
				ONLY_ACTIVE_ARCH = YES;
				SDKROOT = macosx;
				SWIFT_OPTIMIZATION_LEVEL = "-Onone";
			};
			name = Debug;
		};
		42079A7D1EC2330100477ADE /* Release */ = {
			isa = XCBuildConfiguration;
			buildSettings = {
				ALWAYS_SEARCH_USER_PATHS = NO;
				CLANG_ANALYZER_NONNULL = YES;
				CLANG_ANALYZER_NUMBER_OBJECT_CONVERSION = YES_AGGRESSIVE;
				CLANG_CXX_LANGUAGE_STANDARD = "gnu++0x";
				CLANG_CXX_LIBRARY = "libc++";
				CLANG_ENABLE_MODULES = YES;
				CLANG_ENABLE_OBJC_ARC = YES;
				CLANG_WARN_BOOL_CONVERSION = YES;
				CLANG_WARN_CONSTANT_CONVERSION = YES;
				CLANG_WARN_DIRECT_OBJC_ISA_USAGE = YES_ERROR;
				CLANG_WARN_DOCUMENTATION_COMMENTS = YES;
				CLANG_WARN_EMPTY_BODY = YES;
				CLANG_WARN_ENUM_CONVERSION = YES;
				CLANG_WARN_INFINITE_RECURSION = YES;
				CLANG_WARN_INT_CONVERSION = YES;
				CLANG_WARN_OBJC_ROOT_CLASS = YES_ERROR;
				CLANG_WARN_SUSPICIOUS_MOVE = YES;
				CLANG_WARN_UNREACHABLE_CODE = YES;
				CLANG_WARN__DUPLICATE_METHOD_MATCH = YES;
				CODE_SIGN_IDENTITY = "-";
				COPY_PHASE_STRIP = NO;
				DEBUG_INFORMATION_FORMAT = "dwarf-with-dsym";
				ENABLE_NS_ASSERTIONS = NO;
				ENABLE_STRICT_OBJC_MSGSEND = YES;
				GCC_C_LANGUAGE_STANDARD = gnu99;
				GCC_NO_COMMON_BLOCKS = YES;
				GCC_WARN_64_TO_32_BIT_CONVERSION = YES;
				GCC_WARN_ABOUT_RETURN_TYPE = YES_ERROR;
				GCC_WARN_UNDECLARED_SELECTOR = YES;
				GCC_WARN_UNINITIALIZED_AUTOS = YES_AGGRESSIVE;
				GCC_WARN_UNUSED_FUNCTION = YES;
				GCC_WARN_UNUSED_VARIABLE = YES;
				MACOSX_DEPLOYMENT_TARGET = 10.12;
				MTL_ENABLE_DEBUG_INFO = NO;
				SDKROOT = macosx;
			};
			name = Release;
		};
		42079A7F1EC2330100477ADE /* Debug */ = {
			isa = XCBuildConfiguration;
			buildSettings = {
				DEVELOPMENT_TEAM = 678WD436L9;
				FRAMEWORK_SEARCH_PATHS = (
					"$(inherited)",
					"$(PROJECT_DIR)/Carthage/Build/Mac",
				);
				PRODUCT_NAME = "$(TARGET_NAME)";
				SWIFT_VERSION = 5.0;
			};
			name = Debug;
		};
		42079A801EC2330100477ADE /* Release */ = {
			isa = XCBuildConfiguration;
			buildSettings = {
				DEVELOPMENT_TEAM = 678WD436L9;
				FRAMEWORK_SEARCH_PATHS = (
					"$(inherited)",
					"$(PROJECT_DIR)/Carthage/Build/Mac",
				);
				PRODUCT_NAME = "$(TARGET_NAME)";
				SWIFT_VERSION = 5.0;
			};
			name = Release;
		};
/* End XCBuildConfiguration section */

/* Begin XCConfigurationList section */
		42079A721EC2330100477ADE /* Build configuration list for PBXProject "Maker" */ = {
			isa = XCConfigurationList;
			buildConfigurations = (
				42079A7C1EC2330100477ADE /* Debug */,
				42079A7D1EC2330100477ADE /* Release */,
			);
			defaultConfigurationIsVisible = 0;
			defaultConfigurationName = Release;
		};
		42079A7E1EC2330100477ADE /* Build configuration list for PBXNativeTarget "Maker" */ = {
			isa = XCConfigurationList;
			buildConfigurations = (
				42079A7F1EC2330100477ADE /* Debug */,
				42079A801EC2330100477ADE /* Release */,
			);
			defaultConfigurationIsVisible = 0;
			defaultConfigurationName = Release;
		};
/* End XCConfigurationList section */
	};
	rootObject = 42079A6F1EC2330100477ADE /* Project object */;
}
